<?xml version="1.0" encoding="utf-8"?>
<Project ToolsVersion="4.0" xmlns="http://schemas.microsoft.com/developer/msbuild/2003">
  <ItemGroup>
    <Filter Include="util">
      <UniqueIdentifier>{1de2de53-0dd8-454c-a912-42116eeb2164}</UniqueIdentifier>
    </Filter>
  </ItemGroup>
  <ItemGroup>
    <ClCompile Include="undulationFFT.cpp" />
    <ClCompile Include="..\..\..\src\fileio.cpp">
      <Filter>util</Filter>
    </ClCompile>
    <ClCompile Include="..\..\..\src\mutableParm.cpp">
      <Filter>util</Filter>
    </ClCompile>
    <ClCompile Include="..\..\..\src\random.cpp">
      <Filter>util</Filter>
    </ClCompile>
  </ItemGroup>
  <ItemGroup>
    <Text Include="..\Readme.txt" />
  </ItemGroup>
  <ItemGroup>
    <ClInclude Include="..\..\..\src\fileio.h">
      <Filter>util</Filter>
    </ClInclude>
    <ClInclude Include="..\..\..\src\mutableParm.hpp">
      <Filter>util</Filter>
    </ClInclude>
    <ClInclude Include="..\..\..\src\random.hpp">
      <Filter>util</Filter>
    </ClInclude>
  </ItemGroup>
</Project>