<?xml version="1.0" encoding="utf-8"?>
<Project ToolsVersion="4.0" xmlns="http://schemas.microsoft.com/developer/msbuild/2003">
  <ItemGroup>
    <ClCompile Include="CElegansBehavior.cpp" />
    <ClCompile Include="..\..\..\src\behavior.cpp">
      <Filter>network</Filter>
    </ClCompile>
    <ClCompile Include="..\..\..\src\network.cpp">
      <Filter>network</Filter>
    </ClCompile>
    <ClCompile Include="..\..\..\src\neuron.cpp">
      <Filter>network</Filter>
    </ClCompile>
    <ClCompile Include="..\..\..\src\fileio.cpp">
      <Filter>util</Filter>
    </ClCompile>
    <ClCompile Include="..\..\..\src\gettime.cpp">
      <Filter>util</Filter>
    </ClCompile>
    <ClCompile Include="..\..\..\src\random.cpp">
      <Filter>util</Filter>
    </ClCompile>
  </ItemGroup>
  <ItemGroup>
    <ClInclude Include="..\..\..\src\behavior.hpp">
      <Filter>network</Filter>
    </ClInclude>
    <ClInclude Include="..\..\..\src\network.hpp">
      <Filter>network</Filter>
    </ClInclude>
    <ClInclude Include="..\..\..\src\neuron.hpp">
      <Filter>network</Filter>
    </ClInclude>
    <ClInclude Include="..\..\..\src\fileio.h">
      <Filter>util</Filter>
    </ClInclude>
    <ClInclude Include="..\..\..\src\gettime.h">
      <Filter>util</Filter>
    </ClInclude>
    <ClInclude Include="..\..\..\src\random.hpp">
      <Filter>util</Filter>
    </ClInclude>
  </ItemGroup>
  <ItemGroup>
    <Filter Include="util">
      <UniqueIdentifier>{243afc5a-7e76-49b8-b83f-8637841d7588}</UniqueIdentifier>
    </Filter>
    <Filter Include="network">
      <UniqueIdentifier>{bb62ae1f-1123-40d3-a09c-59bc8b0280f2}</UniqueIdentifier>
    </Filter>
    <Filter Include="resource">
      <UniqueIdentifier>{f3111471-7a2c-4859-bbe0-dbfd03ffa0a1}</UniqueIdentifier>
    </Filter>
  </ItemGroup>
  <ItemGroup>
    <Image Include="..\resource\ArialSmall.tga">
      <Filter>resource</Filter>
    </Image>
    <Image Include="..\resource\GUIElements.PNG">
      <Filter>resource</Filter>
    </Image>
  </ItemGroup>
  <ItemGroup>
    <Xml Include="..\resource\GUILayout.xml">
      <Filter>resource</Filter>
    </Xml>
  </ItemGroup>
</Project>